
Microsoft Visual Studio Solution File, Format Version 12.00
# Visual Studio 2013
VisualStudioVersion = 12.0.20623.1 VSUPREVIEW
MinimumVisualStudioVersion = 10.0.40219.1
Project("{FAE04EC0-301F-11D3-BF4B-00C04F79EFBC}") = "SQLiteOnWin8.1Preview", "SQLiteOnWin8.1Preview\SQLiteOnWin8.1Preview.csproj", "{DDF25CA6-55F0-4EF2-A97D-2A73E0B4A84B}"
EndProject
Project("{8BC9CEB8-8B4A-11D0-8D11-00A0C91BC942}") = "SQLiteWinRT", "SQLiteWinRT\SQLiteWinRT.vcxproj", "{A3F709AF-9A59-4F2A-B220-0074B098CCB5}"
EndProject
Global
	GlobalSection(SolutionConfigurationPlatforms) = preSolution
		Debug|Any CPU = Debug|Any CPU
		Debug|ARM = Debug|ARM
		Debug|Mixed Platforms = Debug|Mixed Platforms
		Debug|Win32 = Debug|Win32
		Debug|x64 = Debug|x64
		Debug|x86 = Debug|x86
		Release|Any CPU = Release|Any CPU
		Release|ARM = Release|ARM
		Release|Mixed Platforms = Release|Mixed Platforms
		Release|Win32 = Release|Win32
		Release|x64 = Release|x64
		Release|x86 = Release|x86
	EndGlobalSection
	GlobalSection(ProjectConfigurationPlatforms) = postSolution
		{DDF25CA6-55F0-4EF2-A97D-2A73E0B4A84B}.Debug|Any CPU.ActiveCfg = Debug|Any CPU
		{DDF25CA6-55F0-4EF2-A97D-2A73E0B4A84B}.Debug|Any CPU.Build.0 = Debug|Any CPU
		{DDF25CA6-55F0-4EF2-A97D-2A73E0B4A84B}.Debug|Any CPU.Deploy.0 = Debug|Any CPU
		{DDF25CA6-55F0-4EF2-A97D-2A73E0B4A84B}.Debug|ARM.ActiveCfg = Debug|ARM
		{DDF25CA6-55F0-4EF2-A97D-2A73E0B4A84B}.Debug|ARM.Build.0 = Debug|ARM
		{DDF25CA6-55F0-4EF2-A97D-2A73E0B4A84B}.Debug|ARM.Deploy.0 = Debug|ARM
		{DDF25CA6-55F0-4EF2-A97D-2A73E0B4A84B}.Debug|Mixed Platforms.ActiveCfg = Debug|x86
		{DDF25CA6-55F0-4EF2-A97D-2A73E0B4A84B}.Debug|Mixed Platforms.Build.0 = Debug|x86
		{DDF25CA6-55F0-4EF2-A97D-2A73E0B4A84B}.Debug|Mixed Platforms.Deploy.0 = Debug|x86
		{DDF25CA6-55F0-4EF2-A97D-2A73E0B4A84B}.Debug|Win32.ActiveCfg = Debug|x86
		{DDF25CA6-55F0-4EF2-A97D-2A73E0B4A84B}.Debug|Win32.Build.0 = Debug|x86
		{DDF25CA6-55F0-4EF2-A97D-2A73E0B4A84B}.Debug|Win32.Deploy.0 = Debug|x86
		{DDF25CA6-55F0-4EF2-A97D-2A73E0B4A84B}.Debug|x64.ActiveCfg = Debug|x64
		{DDF25CA6-55F0-4EF2-A97D-2A73E0B4A84B}.Debug|x64.Build.0 = Debug|x64
		{DDF25CA6-55F0-4EF2-A97D-2A73E0B4A84B}.Debug|x64.Deploy.0 = Debug|x64
		{DDF25CA6-55F0-4EF2-A97D-2A73E0B4A84B}.Debug|x86.ActiveCfg = Debug|x86
		{DDF25CA6-55F0-4EF2-A97D-2A73E0B4A84B}.Debug|x86.Build.0 = Debug|x86
		{DDF25CA6-55F0-4EF2-A97D-2A73E0B4A84B}.Debug|x86.Deploy.0 = Debug|x86
		{DDF25CA6-55F0-4EF2-A97D-2A73E0B4A84B}.Release|Any CPU.ActiveCfg = Release|Any CPU
		{DDF25CA6-55F0-4EF2-A97D-2A73E0B4A84B}.Release|Any CPU.Build.0 = Release|Any CPU
		{DDF25CA6-55F0-4EF2-A97D-2A73E0B4A84B}.Release|Any CPU.Deploy.0 = Release|Any CPU
		{DDF25CA6-55F0-4EF2-A97D-2A73E0B4A84B}.Release|ARM.ActiveCfg = Release|ARM
		{DDF25CA6-55F0-4EF2-A97D-2A73E0B4A84B}.Release|ARM.Build.0 = Release|ARM
		{DDF25CA6-55F0-4EF2-A97D-2A73E0B4A84B}.Release|ARM.Deploy.0 = Release|ARM
		{DDF25CA6-55F0-4EF2-A97D-2A73E0B4A84B}.Release|Mixed Platforms.ActiveCfg = Release|x86
		{DDF25CA6-55F0-4EF2-A97D-2A73E0B4A84B}.Release|Mixed Platforms.Build.0 = Release|x86
		{DDF25CA6-55F0-4EF2-A97D-2A73E0B4A84B}.Release|Mixed Platforms.Deploy.0 = Release|x86
		{DDF25CA6-55F0-4EF2-A97D-2A73E0B4A84B}.Release|Win32.ActiveCfg = Release|x86
		{DDF25CA6-55F0-4EF2-A97D-2A73E0B4A84B}.Release|Win32.Build.0 = Release|x86
		{DDF25CA6-55F0-4EF2-A97D-2A73E0B4A84B}.Release|Win32.Deploy.0 = Release|x86
		{DDF25CA6-55F0-4EF2-A97D-2A73E0B4A84B}.Release|x64.ActiveCfg = Release|x64
		{DDF25CA6-55F0-4EF2-A97D-2A73E0B4A84B}.Release|x64.Build.0 = Release|x64
		{DDF25CA6-55F0-4EF2-A97D-2A73E0B4A84B}.Release|x64.Deploy.0 = Release|x64
		{DDF25CA6-55F0-4EF2-A97D-2A73E0B4A84B}.Release|x86.ActiveCfg = Release|x86
		{DDF25CA6-55F0-4EF2-A97D-2A73E0B4A84B}.Release|x86.Build.0 = Release|x86
		{DDF25CA6-55F0-4EF2-A97D-2A73E0B4A84B}.Release|x86.Deploy.0 = Release|x86
		{A3F709AF-9A59-4F2A-B220-0074B098CCB5}.Debug|Any CPU.ActiveCfg = Debug|Win32
		{A3F709AF-9A59-4F2A-B220-0074B098CCB5}.Debug|ARM.ActiveCfg = Debug|ARM
		{A3F709AF-9A59-4F2A-B220-0074B098CCB5}.Debug|ARM.Build.0 = Debug|ARM
		{A3F709AF-9A59-4F2A-B220-0074B098CCB5}.Debug|Mixed Platforms.ActiveCfg = Debug|Win32
		{A3F709AF-9A59-4F2A-B220-0074B098CCB5}.Debug|Mixed Platforms.Build.0 = Debug|Win32
		{A3F709AF-9A59-4F2A-B220-0074B098CCB5}.Debug|Win32.ActiveCfg = Debug|Win32
		{A3F709AF-9A59-4F2A-B220-0074B098CCB5}.Debug|Win32.Build.0 = Debug|Win32
		{A3F709AF-9A59-4F2A-B220-0074B098CCB5}.Debug|x64.ActiveCfg = Debug|x64
		{A3F709AF-9A59-4F2A-B220-0074B098CCB5}.Debug|x64.Build.0 = Debug|x64
		{A3F709AF-9A59-4F2A-B220-0074B098CCB5}.Debug|x86.ActiveCfg = Debug|Win32
		{A3F709AF-9A59-4F2A-B220-0074B098CCB5}.Debug|x86.Build.0 = Debug|Win32
		{A3F709AF-9A59-4F2A-B220-0074B098CCB5}.Release|Any CPU.ActiveCfg = Release|Win32
		{A3F709AF-9A59-4F2A-B220-0074B098CCB5}.Release|ARM.ActiveCfg = Release|ARM
		{A3F709AF-9A59-4F2A-B220-0074B098CCB5}.Release|ARM.Build.0 = Release|ARM
		{A3F709AF-9A59-4F2A-B220-0074B098CCB5}.Release|Mixed Platforms.ActiveCfg = Release|Win32
		{A3F709AF-9A59-4F2A-B220-0074B098CCB5}.Release|Mixed Platforms.Build.0 = Release|Win32
		{A3F709AF-9A59-4F2A-B220-0074B098CCB5}.Release|Win32.ActiveCfg = Release|Win32
		{A3F709AF-9A59-4F2A-B220-0074B098CCB5}.Release|Win32.Build.0 = Release|Win32
		{A3F709AF-9A59-4F2A-B220-0074B098CCB5}.Release|x64.ActiveCfg = Release|x64
		{A3F709AF-9A59-4F2A-B220-0074B098CCB5}.Release|x64.Build.0 = Release|x64
		{A3F709AF-9A59-4F2A-B220-0074B098CCB5}.Release|x86.ActiveCfg = Release|Win32
		{A3F709AF-9A59-4F2A-B220-0074B098CCB5}.Release|x86.Build.0 = Release|Win32
	EndGlobalSection
	GlobalSection(SolutionProperties) = preSolution
		HideSolutionNode = FALSE
	EndGlobalSection
EndGlobal
